
Microsoft Visual Studio Solution File, Format Version 11.00
# Visual Studio 2010
Project("{FAE04EC0-301F-11D3-BF4B-00C04F79EFBC}") = "Tanks battle game", "Assembly-CSharp.csproj", "{E957CE04-322C-11C3-26B5-99BC101509E5}"
EndProject
Project("{FAE04EC0-301F-11D3-BF4B-00C04F79EFBC}") = "Tanks battle game", "Assembly-CSharp-Editor.csproj", "{F23A82B6-4741-2B94-C4F8-19E4543F0E9B}"
EndProject
Global
	GlobalSection(SolutionConfigurationPlatforms) = preSolution
		Debug|Any CPU = Debug|Any CPU
		Release|Any CPU = Release|Any CPU
	EndGlobalSection
	GlobalSection(ProjectConfigurationPlatforms) = postSolution
		{E957CE04-322C-11C3-26B5-99BC101509E5}.Debug|Any CPU.ActiveCfg = Debug|Any CPU
		{E957CE04-322C-11C3-26B5-99BC101509E5}.Debug|Any CPU.Build.0 = Debug|Any CPU
		{E957CE04-322C-11C3-26B5-99BC101509E5}.Release|Any CPU.ActiveCfg = Release|Any CPU
		{E957CE04-322C-11C3-26B5-99BC101509E5}.Release|Any CPU.Build.0 = Release|Any CPU
		{F23A82B6-4741-2B94-C4F8-19E4543F0E9B}.Debug|Any CPU.ActiveCfg = Debug|Any CPU
		{F23A82B6-4741-2B94-C4F8-19E4543F0E9B}.Debug|Any CPU.Build.0 = Debug|Any CPU
		{F23A82B6-4741-2B94-C4F8-19E4543F0E9B}.Release|Any CPU.ActiveCfg = Release|Any CPU
		{F23A82B6-4741-2B94-C4F8-19E4543F0E9B}.Release|Any CPU.Build.0 = Release|Any CPU
	EndGlobalSection
	GlobalSection(SolutionProperties) = preSolution
		HideSolutionNode = FALSE
	EndGlobalSection
	GlobalSection(MonoDevelopProperties) = preSolution
		StartupItem = Assembly-CSharp.csproj
	EndGlobalSection
EndGlobal
